{
  "pins" : [
    {
      "identity" : "resolver",
      "kind" : "remoteSourceControl",
      "location" : "https://github.com/hmlongco/Resolver",
      "state" : {
        "revision" : "47602af1ac8d7952299fbd0bda3cfbd12cf3a8ca",
        "version" : "1.5.1"
      }
    },
    {
      "identity" : "seon-ios-sdk-swift-package",
      "kind" : "remoteSourceControl",
      "location" : "https://github.com/seontechnologies/seon-ios-sdk-swift-package",
      "state" : {
        "revision" : "f6240372958bc94c05b1170eee790e878df51cea",
        "version" : "5.6.1"
      }
    }
  ],
  "version" : 2
}
