{
  "originHash" : "7ab87ddac5345f5d6291016f8a49f526e085b726b449b616d104938b86a7ba7c",
  "pins" : [
    {
      "identity" : "resolver",
      "kind" : "remoteSourceControl",
      "location" : "https://github.com/hmlongco/Resolver",
      "state" : {
        "revision" : "47602af1ac8d7952299fbd0bda3cfbd12cf3a8ca",
        "version" : "1.5.1"
      }
    },
    {
      "identity" : "seon-ios-sdk-swift-package",
      "kind" : "remoteSourceControl",
      "location" : "https://github.com/seontechnologies/seon-ios-sdk-swift-package",
      "state" : {
        "revision" : "f6240372958bc94c05b1170eee790e878df51cea",
        "version" : "5.6.1"
      }
    },
    {
      "identity" : "seon-orchestration-sdk-ios-public",
      "kind" : "remoteSourceControl",
      "location" : "https://github.com/seontechnologies/seon-orchestration-sdk-ios-public",
      "state" : {
        "revision" : "792ab6f0dde80372cd23eb16673d2219b1cdb107",
        "version" : "0.1.0"
      }
    }
  ],
  "version" : 3
}
