PODS:
  - DocumentReader (9.1.5851):
    - RegulaCommon (= 9.1.1919)
  - DocumentReaderRFID (9.1.15618)
  - RegulaCommon (9.1.1919)
  - SEONOrchSDK (1.0.4):
    - DocumentReader (~> 9.1.0)
    - DocumentReaderRFID (~> 9.1.0)
    - SEONResolver (~> 1.5.2)
    - SeonSDK (~> 5.7.1)
  - SEONResolver (1.5.2)
  - SeonSDK (5.7.1)

DEPENDENCIES:
  - SEONOrchSDK (= 1.0.4)

SPEC REPOS:
  trunk:
    - DocumentReader
    - DocumentReaderRFID
    - RegulaCommon
    - SEONOrchSDK
    - SEONResolver
    - SeonSDK

SPEC CHECKSUMS:
  DocumentReader: 0596ecc002f480e3906a810d5474ddb3be6e9c03
  DocumentReaderRFID: d106de993c8325c81b6bd4c9e2875590e727c43e
  RegulaCommon: cd5a2a59d2b6bc2123ba0646a32dc60eed6f5f57
  SEONOrchSDK: bd21e77a38a68bf3ceaa422da33e29164d52eabf
  SEONResolver: b5fdc4c6147d48435dba484eca85c0c7167ddf85
  SeonSDK: b0a9ed10e43c4f8e5e3766fcae92c03fa5a115bd

PODFILE CHECKSUM: c841a3794e7419c905dd41e11583708911604f72

COCOAPODS: 1.16.2
