// !$*UTF8*$!
{
	archiveVersion = 1;
	classes = {
	};
	objectVersion = 77;
	objects = {

/* Begin PBXBuildFile section */
		B022589C2EBC94E50056AB94 /* SEONIdVerification in Frameworks */ = {isa = PBXBuildFile; productRef = B022589B2EBC94E50056AB94 /* SEONIdVerification */; };
		B0E41DCE2EC20259003ACEA2 /* SEONIdVerification in Frameworks */ = {isa = PBXBuildFile; productRef = B0E41DCD2EC20259003ACEA2 /* SEONIdVerification */; };
		DE2EE231F1603AC892EFA9B9 /* Pods_SEONOrchSDKSample.framework in Frameworks */ = {isa = PBXBuildFile; fileRef = ED7C76ACBCF48F58BD685232 /* Pods_SEONOrchSDKSample.framework */; };
/* End PBXBuildFile section */

/* Begin PBXFileReference section */
		01D510F8E22215086011E24B /* Pods-IDVSample.debug.xcconfig */ = {isa = PBXFileReference; includeInIndex = 1; lastKnownFileType = text.xcconfig; name = "Pods-IDVSample.debug.xcconfig"; path = "Target Support Files/Pods-IDVSample/Pods-IDVSample.debug.xcconfig"; sourceTree = "<group>"; };
		2519FEA7CBB9E135F32094D7 /* Pods-IDVSample.release.xcconfig */ = {isa = PBXFileReference; includeInIndex = 1; lastKnownFileType = text.xcconfig; name = "Pods-IDVSample.release.xcconfig"; path = "Target Support Files/Pods-IDVSample/Pods-IDVSample.release.xcconfig"; sourceTree = "<group>"; };
		27B28A57DBDED5AC426EB514 /* Pods-SEONOrchSDKSample.debug.xcconfig */ = {isa = PBXFileReference; includeInIndex = 1; lastKnownFileType = text.xcconfig; name = "Pods-SEONOrchSDKSample.debug.xcconfig"; path = "Target Support Files/Pods-SEONOrchSDKSample/Pods-SEONOrchSDKSample.debug.xcconfig"; sourceTree = "<group>"; };
		7111EE4F7656090F0318295B /* Pods-SEONIDV.debug.xcconfig */ = {isa = PBXFileReference; includeInIndex = 1; lastKnownFileType = text.xcconfig; name = "Pods-SEONIDV.debug.xcconfig"; path = "Target Support Files/Pods-SEONIDV/Pods-SEONIDV.debug.xcconfig"; sourceTree = "<group>"; };
		8427D50D39AE959517317A13 /* Pods-SEONIDV.release.xcconfig */ = {isa = PBXFileReference; includeInIndex = 1; lastKnownFileType = text.xcconfig; name = "Pods-SEONIDV.release.xcconfig"; path = "Target Support Files/Pods-SEONIDV/Pods-SEONIDV.release.xcconfig"; sourceTree = "<group>"; };
		B02258D62EC1FF7C0056AB94 /* SEONOrchSDKSample-SPM.app */ = {isa = PBXFileReference; explicitFileType = wrapper.application; includeInIndex = 0; path = "SEONOrchSDKSample-SPM.app"; sourceTree = BUILT_PRODUCTS_DIR; };
		B02258D82EC1FF7D0056AB94 /* SEONOrchSDKSample copy-Info.plist */ = {isa = PBXFileReference; lastKnownFileType = text.plist.xml; name = "SEONOrchSDKSample copy-Info.plist"; path = "/Users/abbas.sabetinezhad/Desktop/SEON/seon-orchestration-sdk-ios-public/Example/SEONOrchSDK/SEONOrchSDKSample copy-Info.plist"; sourceTree = "<absolute>"; };
		B09860252D9D17F800D39D9D /* SEONOrchSDKSample.app */ = {isa = PBXFileReference; explicitFileType = wrapper.application; includeInIndex = 0; path = SEONOrchSDKSample.app; sourceTree = BUILT_PRODUCTS_DIR; };
		B1A597CA5DA566D478069558 /* Pods-SEONOrchSDKSample.release.xcconfig */ = {isa = PBXFileReference; includeInIndex = 1; lastKnownFileType = text.xcconfig; name = "Pods-SEONOrchSDKSample.release.xcconfig"; path = "Target Support Files/Pods-SEONOrchSDKSample/Pods-SEONOrchSDKSample.release.xcconfig"; sourceTree = "<group>"; };
		ED7C76ACBCF48F58BD685232 /* Pods_SEONOrchSDKSample.framework */ = {isa = PBXFileReference; explicitFileType = wrapper.framework; includeInIndex = 0; path = Pods_SEONOrchSDKSample.framework; sourceTree = BUILT_PRODUCTS_DIR; };
/* End PBXFileReference section */

/* Begin PBXFileSystemSynchronizedBuildFileExceptionSet section */
		B02258D72EC1FF7C0056AB94 /* Exceptions for "Sample" folder in "SEONOrchSDKSample-SPM" target */ = {
			isa = PBXFileSystemSynchronizedBuildFileExceptionSet;
			membershipExceptions = (
				Info.plist,
			);
			target = B02258CC2EC1FF7C0056AB94 /* SEONOrchSDKSample-SPM */;
		};
		B09860372D9D17F900D39D9D /* Exceptions for "Sample" folder in "SEONOrchSDKSample" target */ = {
			isa = PBXFileSystemSynchronizedBuildFileExceptionSet;
			membershipExceptions = (
				Info.plist,
			);
			target = B09860242D9D17F800D39D9D /* SEONOrchSDKSample */;
		};
/* End PBXFileSystemSynchronizedBuildFileExceptionSet section */

/* Begin PBXFileSystemSynchronizedRootGroup section */
		B09860272D9D17F800D39D9D /* Sample */ = {
			isa = PBXFileSystemSynchronizedRootGroup;
			exceptions = (
				B09860372D9D17F900D39D9D /* Exceptions for "Sample" folder in "SEONOrchSDKSample" target */,
				B02258D72EC1FF7C0056AB94 /* Exceptions for "Sample" folder in "SEONOrchSDKSample-SPM" target */,
			);
			path = Sample;
			sourceTree = "<group>";
		};
/* End PBXFileSystemSynchronizedRootGroup section */

/* Begin PBXFrameworksBuildPhase section */
		B02258CF2EC1FF7C0056AB94 /* Frameworks */ = {
			isa = PBXFrameworksBuildPhase;
			buildActionMask = 2147483647;
			files = (
				B0E41DCE2EC20259003ACEA2 /* SEONIdVerification in Frameworks */,
			);
			runOnlyForDeploymentPostprocessing = 0;
		};
		B09860222D9D17F800D39D9D /* Frameworks */ = {
			isa = PBXFrameworksBuildPhase;
			buildActionMask = 2147483647;
			files = (
				B022589C2EBC94E50056AB94 /* SEONIdVerification in Frameworks */,
				DE2EE231F1603AC892EFA9B9 /* Pods_SEONOrchSDKSample.framework in Frameworks */,
			);
			runOnlyForDeploymentPostprocessing = 0;
		};
/* End PBXFrameworksBuildPhase section */

/* Begin PBXGroup section */
		0183F63A3953AD7FAF99BBF8 /* Frameworks */ = {
			isa = PBXGroup;
			children = (
				ED7C76ACBCF48F58BD685232 /* Pods_SEONOrchSDKSample.framework */,
			);
			name = Frameworks;
			sourceTree = "<group>";
		};
		58FC7DAABF58F8E12DF7B3EF /* Pods */ = {
			isa = PBXGroup;
			children = (
				7111EE4F7656090F0318295B /* Pods-SEONIDV.debug.xcconfig */,
				8427D50D39AE959517317A13 /* Pods-SEONIDV.release.xcconfig */,
				01D510F8E22215086011E24B /* Pods-IDVSample.debug.xcconfig */,
				2519FEA7CBB9E135F32094D7 /* Pods-IDVSample.release.xcconfig */,
				27B28A57DBDED5AC426EB514 /* Pods-SEONOrchSDKSample.debug.xcconfig */,
				B1A597CA5DA566D478069558 /* Pods-SEONOrchSDKSample.release.xcconfig */,
			);
			path = Pods;
			sourceTree = "<group>";
		};
		B098601C2D9D17F800D39D9D = {
			isa = PBXGroup;
			children = (
				B09860272D9D17F800D39D9D /* Sample */,
				B09860262D9D17F800D39D9D /* Products */,
				58FC7DAABF58F8E12DF7B3EF /* Pods */,
				0183F63A3953AD7FAF99BBF8 /* Frameworks */,
				B02258D82EC1FF7D0056AB94 /* SEONOrchSDKSample copy-Info.plist */,
			);
			sourceTree = "<group>";
		};
		B09860262D9D17F800D39D9D /* Products */ = {
			isa = PBXGroup;
			children = (
				B09860252D9D17F800D39D9D /* SEONOrchSDKSample.app */,
				B02258D62EC1FF7C0056AB94 /* SEONOrchSDKSample-SPM.app */,
			);
			name = Products;
			sourceTree = "<group>";
		};
/* End PBXGroup section */

/* Begin PBXNativeTarget section */
		B02258CC2EC1FF7C0056AB94 /* SEONOrchSDKSample-SPM */ = {
			isa = PBXNativeTarget;
			buildConfigurationList = B02258D32EC1FF7C0056AB94 /* Build configuration list for PBXNativeTarget "SEONOrchSDKSample-SPM" */;
			buildPhases = (
				B02258CE2EC1FF7C0056AB94 /* Sources */,
				B02258CF2EC1FF7C0056AB94 /* Frameworks */,
				B02258D22EC1FF7C0056AB94 /* Resources */,
			);
			buildRules = (
			);
			dependencies = (
			);
			fileSystemSynchronizedGroups = (
				B09860272D9D17F800D39D9D /* Sample */,
			);
			name = "SEONOrchSDKSample-SPM";
			productName = SEONIDV;
			productReference = B02258D62EC1FF7C0056AB94 /* SEONOrchSDKSample-SPM.app */;
			productType = "com.apple.product-type.application";
		};
		B09860242D9D17F800D39D9D /* SEONOrchSDKSample */ = {
			isa = PBXNativeTarget;
			buildConfigurationList = B09860382D9D17F900D39D9D /* Build configuration list for PBXNativeTarget "SEONOrchSDKSample" */;
			buildPhases = (
				F111D6137AAED5DE84205220 /* [CP] Check Pods Manifest.lock */,
				B09860212D9D17F800D39D9D /* Sources */,
				B09860222D9D17F800D39D9D /* Frameworks */,
				B09860232D9D17F800D39D9D /* Resources */,
				39475C07FC70F511289F8E6D /* [CP] Embed Pods Frameworks */,
				D78BBC0A933F2449CF5D652D /* [CP] Copy Pods Resources */,
			);
			buildRules = (
			);
			dependencies = (
			);
			fileSystemSynchronizedGroups = (
				B09860272D9D17F800D39D9D /* Sample */,
			);
			name = SEONOrchSDKSample;
			productName = SEONIDV;
			productReference = B09860252D9D17F800D39D9D /* SEONOrchSDKSample.app */;
			productType = "com.apple.product-type.application";
		};
/* End PBXNativeTarget section */

/* Begin PBXProject section */
		B098601D2D9D17F800D39D9D /* Project object */ = {
			isa = PBXProject;
			attributes = {
				BuildIndependentTargetsInParallel = 1;
				LastSwiftUpdateCheck = 1620;
				LastUpgradeCheck = 1620;
				TargetAttributes = {
					B09860242D9D17F800D39D9D = {
						CreatedOnToolsVersion = 16.2;
					};
				};
			};
			buildConfigurationList = B09860202D9D17F800D39D9D /* Build configuration list for PBXProject "SEONOrchSDKSample" */;
			developmentRegion = en;
			hasScannedForEncodings = 0;
			knownRegions = (
				en,
				Base,
			);
			mainGroup = B098601C2D9D17F800D39D9D;
			minimizedProjectReferenceProxies = 1;
			packageReferences = (
				B0E41DCC2EC20259003ACEA2 /* XCRemoteSwiftPackageReference "seon-idv-sdk-ios-public" */,
			);
			preferredProjectObjectVersion = 77;
			productRefGroup = B09860262D9D17F800D39D9D /* Products */;
			projectDirPath = "";
			projectRoot = "";
			targets = (
				B09860242D9D17F800D39D9D /* SEONOrchSDKSample */,
				B02258CC2EC1FF7C0056AB94 /* SEONOrchSDKSample-SPM */,
			);
		};
/* End PBXProject section */

/* Begin PBXResourcesBuildPhase section */
		B02258D22EC1FF7C0056AB94 /* Resources */ = {
			isa = PBXResourcesBuildPhase;
			buildActionMask = 2147483647;
			files = (
			);
			runOnlyForDeploymentPostprocessing = 0;
		};
		B09860232D9D17F800D39D9D /* Resources */ = {
			isa = PBXResourcesBuildPhase;
			buildActionMask = 2147483647;
			files = (
			);
			runOnlyForDeploymentPostprocessing = 0;
		};
/* End PBXResourcesBuildPhase section */

/* Begin PBXShellScriptBuildPhase section */
		39475C07FC70F511289F8E6D /* [CP] Embed Pods Frameworks */ = {
			isa = PBXShellScriptBuildPhase;
			buildActionMask = 2147483647;
			files = (
			);
			inputFileListPaths = (
				"${PODS_ROOT}/Target Support Files/Pods-SEONOrchSDKSample/Pods-SEONOrchSDKSample-frameworks-${CONFIGURATION}-input-files.xcfilelist",
			);
			name = "[CP] Embed Pods Frameworks";
			outputFileListPaths = (
				"${PODS_ROOT}/Target Support Files/Pods-SEONOrchSDKSample/Pods-SEONOrchSDKSample-frameworks-${CONFIGURATION}-output-files.xcfilelist",
			);
			runOnlyForDeploymentPostprocessing = 0;
			shellPath = /bin/sh;
			shellScript = "\"${PODS_ROOT}/Target Support Files/Pods-SEONOrchSDKSample/Pods-SEONOrchSDKSample-frameworks.sh\"\n";
			showEnvVarsInLog = 0;
		};
		D78BBC0A933F2449CF5D652D /* [CP] Copy Pods Resources */ = {
			isa = PBXShellScriptBuildPhase;
			buildActionMask = 2147483647;
			files = (
			);
			inputFileListPaths = (
				"${PODS_ROOT}/Target Support Files/Pods-SEONOrchSDKSample/Pods-SEONOrchSDKSample-resources-${CONFIGURATION}-input-files.xcfilelist",
			);
			name = "[CP] Copy Pods Resources";
			outputFileListPaths = (
				"${PODS_ROOT}/Target Support Files/Pods-SEONOrchSDKSample/Pods-SEONOrchSDKSample-resources-${CONFIGURATION}-output-files.xcfilelist",
			);
			runOnlyForDeploymentPostprocessing = 0;
			shellPath = /bin/sh;
			shellScript = "\"${PODS_ROOT}/Target Support Files/Pods-SEONOrchSDKSample/Pods-SEONOrchSDKSample-resources.sh\"\n";
			showEnvVarsInLog = 0;
		};
		F111D6137AAED5DE84205220 /* [CP] Check Pods Manifest.lock */ = {
			isa = PBXShellScriptBuildPhase;
			buildActionMask = 2147483647;
			files = (
			);
			inputFileListPaths = (
			);
			inputPaths = (
				"${PODS_PODFILE_DIR_PATH}/Podfile.lock",
				"${PODS_ROOT}/Manifest.lock",
			);
			name = "[CP] Check Pods Manifest.lock";
			outputFileListPaths = (
			);
			outputPaths = (
				"$(DERIVED_FILE_DIR)/Pods-SEONOrchSDKSample-checkManifestLockResult.txt",
			);
			runOnlyForDeploymentPostprocessing = 0;
			shellPath = /bin/sh;
			shellScript = "diff \"${PODS_PODFILE_DIR_PATH}/Podfile.lock\" \"${PODS_ROOT}/Manifest.lock\" > /dev/null\nif [ $? != 0 ] ; then\n    # print error to STDERR\n    echo \"error: The sandbox is not in sync with the Podfile.lock. Run 'pod install' or update your CocoaPods installation.\" >&2\n    exit 1\nfi\n# This output is used by Xcode 'outputs' to avoid re-running this script phase.\necho \"SUCCESS\" > \"${SCRIPT_OUTPUT_FILE_0}\"\n";
			showEnvVarsInLog = 0;
		};
/* End PBXShellScriptBuildPhase section */

/* Begin PBXSourcesBuildPhase section */
		B02258CE2EC1FF7C0056AB94 /* Sources */ = {
			isa = PBXSourcesBuildPhase;
			buildActionMask = 2147483647;
			files = (
			);
			runOnlyForDeploymentPostprocessing = 0;
		};
		B09860212D9D17F800D39D9D /* Sources */ = {
			isa = PBXSourcesBuildPhase;
			buildActionMask = 2147483647;
			files = (
			);
			runOnlyForDeploymentPostprocessing = 0;
		};
/* End PBXSourcesBuildPhase section */

/* Begin XCBuildConfiguration section */
		B02258D42EC1FF7C0056AB94 /* Debug */ = {
			isa = XCBuildConfiguration;
			buildSettings = {
				ASSETCATALOG_COMPILER_APPICON_NAME = AppIcon;
				ASSETCATALOG_COMPILER_GLOBAL_ACCENT_COLOR_NAME = AccentColor;
				"CODE_SIGN_IDENTITY[sdk=iphoneos*]" = "iPhone Distribution";
				CODE_SIGN_STYLE = Manual;
				CURRENT_PROJECT_VERSION = 2;
				DEVELOPMENT_TEAM = "";
				"DEVELOPMENT_TEAM[sdk=iphoneos*]" = H22T9J6ZS3;
				ENABLE_USER_SCRIPT_SANDBOXING = NO;
				GENERATE_INFOPLIST_FILE = YES;
				INFOPLIST_FILE = Sample/Info.plist;
				INFOPLIST_KEY_NSCameraUsageDescription = "App needs access to the camera to record videos";
				INFOPLIST_KEY_NSMicrophoneUsageDescription = "App needs access to the microphone to record videos";
				INFOPLIST_KEY_NSPhotoLibraryUsageDescription = "This app requires access to the photo library to save images.\n";
				INFOPLIST_KEY_UIApplicationSupportsIndirectInputEvents = YES;
				INFOPLIST_KEY_UILaunchStoryboardName = LaunchScreen;
				INFOPLIST_KEY_UIMainStoryboardFile = "";
				INFOPLIST_KEY_UISupportedInterfaceOrientations_iPad = "UIInterfaceOrientationPortrait UIInterfaceOrientationPortraitUpsideDown UIInterfaceOrientationLandscapeLeft UIInterfaceOrientationLandscapeRight";
				INFOPLIST_KEY_UISupportedInterfaceOrientations_iPhone = "UIInterfaceOrientationPortrait UIInterfaceOrientationLandscapeLeft UIInterfaceOrientationLandscapeRight";
				IPHONEOS_DEPLOYMENT_TARGET = 13.0;
				LD_RUNPATH_SEARCH_PATHS = (
					"$(inherited)",
					"@executable_path/Frameworks",
				);
				MARKETING_VERSION = 1.0;
				PRODUCT_BUNDLE_IDENTIFIER = io.seon.bundled.sdk;
				PRODUCT_NAME = "$(TARGET_NAME)";
				PROVISIONING_PROFILE_SPECIFIER = "";
				"PROVISIONING_PROFILE_SPECIFIER[sdk=iphoneos*]" = "Orch SDK";
				SWIFT_EMIT_LOC_STRINGS = YES;
				SWIFT_VERSION = 5.0;
				TARGETED_DEVICE_FAMILY = "1,2";
			};
			name = Debug;
		};
		B02258D52EC1FF7C0056AB94 /* Release */ = {
			isa = XCBuildConfiguration;
			buildSettings = {
				ASSETCATALOG_COMPILER_APPICON_NAME = AppIcon;
				ASSETCATALOG_COMPILER_GLOBAL_ACCENT_COLOR_NAME = AccentColor;
				"CODE_SIGN_IDENTITY[sdk=iphoneos*]" = "iPhone Distribution";
				CODE_SIGN_STYLE = Manual;
				CURRENT_PROJECT_VERSION = 2;
				DEVELOPMENT_TEAM = "";
				"DEVELOPMENT_TEAM[sdk=iphoneos*]" = H22T9J6ZS3;
				ENABLE_USER_SCRIPT_SANDBOXING = NO;
				GENERATE_INFOPLIST_FILE = YES;
				INFOPLIST_FILE = Sample/Info.plist;
				INFOPLIST_KEY_NSCameraUsageDescription = "App needs access to the camera to record videos";
				INFOPLIST_KEY_NSMicrophoneUsageDescription = "App needs access to the microphone to record videos";
				INFOPLIST_KEY_NSPhotoLibraryUsageDescription = "This app requires access to the photo library to save images.\n";
				INFOPLIST_KEY_UIApplicationSupportsIndirectInputEvents = YES;
				INFOPLIST_KEY_UILaunchStoryboardName = LaunchScreen;
				INFOPLIST_KEY_UIMainStoryboardFile = "";
				INFOPLIST_KEY_UISupportedInterfaceOrientations_iPad = "UIInterfaceOrientationPortrait UIInterfaceOrientationPortraitUpsideDown UIInterfaceOrientationLandscapeLeft UIInterfaceOrientationLandscapeRight";
				INFOPLIST_KEY_UISupportedInterfaceOrientations_iPhone = "UIInterfaceOrientationPortrait UIInterfaceOrientationLandscapeLeft UIInterfaceOrientationLandscapeRight";
				IPHONEOS_DEPLOYMENT_TARGET = 13.0;
				LD_RUNPATH_SEARCH_PATHS = (
					"$(inherited)",
					"@executable_path/Frameworks",
				);
				MARKETING_VERSION = 1.0;
				PRODUCT_BUNDLE_IDENTIFIER = io.seon.bundled.sdk;
				PRODUCT_NAME = "$(TARGET_NAME)";
				PROVISIONING_PROFILE_SPECIFIER = "";
				"PROVISIONING_PROFILE_SPECIFIER[sdk=iphoneos*]" = "Orch SDK";
				SWIFT_EMIT_LOC_STRINGS = YES;
				SWIFT_VERSION = 5.0;
				TARGETED_DEVICE_FAMILY = "1,2";
			};
			name = Release;
		};
		B09860392D9D17F900D39D9D /* Debug */ = {
			isa = XCBuildConfiguration;
			baseConfigurationReference = 27B28A57DBDED5AC426EB514 /* Pods-SEONOrchSDKSample.debug.xcconfig */;
			buildSettings = {
				ASSETCATALOG_COMPILER_APPICON_NAME = AppIcon;
				ASSETCATALOG_COMPILER_GLOBAL_ACCENT_COLOR_NAME = AccentColor;
				CODE_SIGN_IDENTITY = "Apple Development";
				"CODE_SIGN_IDENTITY[sdk=iphoneos*]" = "iPhone Distribution";
				CODE_SIGN_STYLE = Manual;
				CURRENT_PROJECT_VERSION = 2;
				DEVELOPMENT_TEAM = "";
				"DEVELOPMENT_TEAM[sdk=iphoneos*]" = H22T9J6ZS3;
				ENABLE_USER_SCRIPT_SANDBOXING = NO;
				GENERATE_INFOPLIST_FILE = YES;
				INFOPLIST_FILE = Sample/Info.plist;
				INFOPLIST_KEY_NSCameraUsageDescription = "App needs access to the camera to record videos";
				INFOPLIST_KEY_NSMicrophoneUsageDescription = "App needs access to the microphone to record videos";
				INFOPLIST_KEY_NSPhotoLibraryUsageDescription = "This app requires access to the photo library to save images.\n";
				INFOPLIST_KEY_UIApplicationSupportsIndirectInputEvents = YES;
				INFOPLIST_KEY_UILaunchStoryboardName = LaunchScreen;
				INFOPLIST_KEY_UIMainStoryboardFile = "";
				INFOPLIST_KEY_UISupportedInterfaceOrientations_iPad = "UIInterfaceOrientationPortrait UIInterfaceOrientationPortraitUpsideDown UIInterfaceOrientationLandscapeLeft UIInterfaceOrientationLandscapeRight";
				INFOPLIST_KEY_UISupportedInterfaceOrientations_iPhone = "UIInterfaceOrientationPortrait UIInterfaceOrientationLandscapeLeft UIInterfaceOrientationLandscapeRight";
				IPHONEOS_DEPLOYMENT_TARGET = 13.0;
				LD_RUNPATH_SEARCH_PATHS = (
					"$(inherited)",
					"@executable_path/Frameworks",
				);
				MARKETING_VERSION = 1.0;
				PRODUCT_BUNDLE_IDENTIFIER = io.seon.bundled.sdk;
				PRODUCT_NAME = "$(TARGET_NAME)";
				PROVISIONING_PROFILE_SPECIFIER = "";
				"PROVISIONING_PROFILE_SPECIFIER[sdk=iphoneos*]" = "Orch SDK";
				SWIFT_EMIT_LOC_STRINGS = YES;
				SWIFT_VERSION = 5.0;
				TARGETED_DEVICE_FAMILY = "1,2";
			};
			name = Debug;
		};
		B098603A2D9D17F900D39D9D /* Release */ = {
			isa = XCBuildConfiguration;
			baseConfigurationReference = B1A597CA5DA566D478069558 /* Pods-SEONOrchSDKSample.release.xcconfig */;
			buildSettings = {
				ASSETCATALOG_COMPILER_APPICON_NAME = AppIcon;
				ASSETCATALOG_COMPILER_GLOBAL_ACCENT_COLOR_NAME = AccentColor;
				CODE_SIGN_IDENTITY = "Apple Development";
				"CODE_SIGN_IDENTITY[sdk=iphoneos*]" = "iPhone Distribution";
				CODE_SIGN_STYLE = Manual;
				CURRENT_PROJECT_VERSION = 2;
				DEVELOPMENT_TEAM = "";
				"DEVELOPMENT_TEAM[sdk=iphoneos*]" = H22T9J6ZS3;
				ENABLE_USER_SCRIPT_SANDBOXING = NO;
				GENERATE_INFOPLIST_FILE = YES;
				INFOPLIST_FILE = Sample/Info.plist;
				INFOPLIST_KEY_NSCameraUsageDescription = "App needs access to the camera to record videos";
				INFOPLIST_KEY_NSMicrophoneUsageDescription = "App needs access to the microphone to record videos";
				INFOPLIST_KEY_NSPhotoLibraryUsageDescription = "This app requires access to the photo library to save images.\n";
				INFOPLIST_KEY_UIApplicationSupportsIndirectInputEvents = YES;
				INFOPLIST_KEY_UILaunchStoryboardName = LaunchScreen;
				INFOPLIST_KEY_UIMainStoryboardFile = "";
				INFOPLIST_KEY_UISupportedInterfaceOrientations_iPad = "UIInterfaceOrientationPortrait UIInterfaceOrientationPortraitUpsideDown UIInterfaceOrientationLandscapeLeft UIInterfaceOrientationLandscapeRight";
				INFOPLIST_KEY_UISupportedInterfaceOrientations_iPhone = "UIInterfaceOrientationPortrait UIInterfaceOrientationLandscapeLeft UIInterfaceOrientationLandscapeRight";
				IPHONEOS_DEPLOYMENT_TARGET = 13.0;
				LD_RUNPATH_SEARCH_PATHS = (
					"$(inherited)",
					"@executable_path/Frameworks",
				);
				MARKETING_VERSION = 1.0;
				PRODUCT_BUNDLE_IDENTIFIER = io.seon.bundled.sdk;
				PRODUCT_NAME = "$(TARGET_NAME)";
				PROVISIONING_PROFILE_SPECIFIER = "";
				"PROVISIONING_PROFILE_SPECIFIER[sdk=iphoneos*]" = "Orch SDK";
				SWIFT_EMIT_LOC_STRINGS = YES;
				SWIFT_VERSION = 5.0;
				TARGETED_DEVICE_FAMILY = "1,2";
			};
			name = Release;
		};
		B098603B2D9D17F900D39D9D /* Debug */ = {
			isa = XCBuildConfiguration;
			buildSettings = {
				ALWAYS_SEARCH_USER_PATHS = NO;
				ASSETCATALOG_COMPILER_GENERATE_SWIFT_ASSET_SYMBOL_EXTENSIONS = YES;
				CLANG_ANALYZER_NONNULL = YES;
				CLANG_ANALYZER_NUMBER_OBJECT_CONVERSION = YES_AGGRESSIVE;
				CLANG_CXX_LANGUAGE_STANDARD = "gnu++20";
				CLANG_ENABLE_MODULES = YES;
				CLANG_ENABLE_OBJC_ARC = YES;
				CLANG_ENABLE_OBJC_WEAK = YES;
				CLANG_WARN_BLOCK_CAPTURE_AUTORELEASING = YES;
				CLANG_WARN_BOOL_CONVERSION = YES;
				CLANG_WARN_COMMA = YES;
				CLANG_WARN_CONSTANT_CONVERSION = YES;
				CLANG_WARN_DEPRECATED_OBJC_IMPLEMENTATIONS = YES;
				CLANG_WARN_DIRECT_OBJC_ISA_USAGE = YES_ERROR;
				CLANG_WARN_DOCUMENTATION_COMMENTS = YES;
				CLANG_WARN_EMPTY_BODY = YES;
				CLANG_WARN_ENUM_CONVERSION = YES;
				CLANG_WARN_INFINITE_RECURSION = YES;
				CLANG_WARN_INT_CONVERSION = YES;
				CLANG_WARN_NON_LITERAL_NULL_CONVERSION = YES;
				CLANG_WARN_OBJC_IMPLICIT_RETAIN_SELF = YES;
				CLANG_WARN_OBJC_LITERAL_CONVERSION = YES;
				CLANG_WARN_OBJC_ROOT_CLASS = YES_ERROR;
				CLANG_WARN_QUOTED_INCLUDE_IN_FRAMEWORK_HEADER = YES;
				CLANG_WARN_RANGE_LOOP_ANALYSIS = YES;
				CLANG_WARN_STRICT_PROTOTYPES = YES;
				CLANG_WARN_SUSPICIOUS_MOVE = YES;
				CLANG_WARN_UNGUARDED_AVAILABILITY = YES_AGGRESSIVE;
				CLANG_WARN_UNREACHABLE_CODE = YES;
				CLANG_WARN__DUPLICATE_METHOD_MATCH = YES;
				COPY_PHASE_STRIP = NO;
				DEBUG_INFORMATION_FORMAT = dwarf;
				ENABLE_STRICT_OBJC_MSGSEND = YES;
				ENABLE_TESTABILITY = YES;
				ENABLE_USER_SCRIPT_SANDBOXING = YES;
				GCC_C_LANGUAGE_STANDARD = gnu17;
				GCC_DYNAMIC_NO_PIC = NO;
				GCC_NO_COMMON_BLOCKS = YES;
				GCC_OPTIMIZATION_LEVEL = 0;
				GCC_PREPROCESSOR_DEFINITIONS = (
					"DEBUG=1",
					"$(inherited)",
				);
				GCC_WARN_64_TO_32_BIT_CONVERSION = YES;
				GCC_WARN_ABOUT_RETURN_TYPE = YES_ERROR;
				GCC_WARN_UNDECLARED_SELECTOR = YES;
				GCC_WARN_UNINITIALIZED_AUTOS = YES_AGGRESSIVE;
				GCC_WARN_UNUSED_FUNCTION = YES;
				GCC_WARN_UNUSED_VARIABLE = YES;
				IPHONEOS_DEPLOYMENT_TARGET = 18.2;
				LOCALIZATION_PREFERS_STRING_CATALOGS = YES;
				MTL_ENABLE_DEBUG_INFO = INCLUDE_SOURCE;
				MTL_FAST_MATH = YES;
				ONLY_ACTIVE_ARCH = YES;
				SDKROOT = iphoneos;
				SWIFT_ACTIVE_COMPILATION_CONDITIONS = "DEBUG $(inherited)";
				SWIFT_OPTIMIZATION_LEVEL = "-Onone";
			};
			name = Debug;
		};
		B098603C2D9D17F900D39D9D /* Release */ = {
			isa = XCBuildConfiguration;
			buildSettings = {
				ALWAYS_SEARCH_USER_PATHS = NO;
				ASSETCATALOG_COMPILER_GENERATE_SWIFT_ASSET_SYMBOL_EXTENSIONS = YES;
				CLANG_ANALYZER_NONNULL = YES;
				CLANG_ANALYZER_NUMBER_OBJECT_CONVERSION = YES_AGGRESSIVE;
				CLANG_CXX_LANGUAGE_STANDARD = "gnu++20";
				CLANG_ENABLE_MODULES = YES;
				CLANG_ENABLE_OBJC_ARC = YES;
				CLANG_ENABLE_OBJC_WEAK = YES;
				CLANG_WARN_BLOCK_CAPTURE_AUTORELEASING = YES;
				CLANG_WARN_BOOL_CONVERSION = YES;
				CLANG_WARN_COMMA = YES;
				CLANG_WARN_CONSTANT_CONVERSION = YES;
				CLANG_WARN_DEPRECATED_OBJC_IMPLEMENTATIONS = YES;
				CLANG_WARN_DIRECT_OBJC_ISA_USAGE = YES_ERROR;
				CLANG_WARN_DOCUMENTATION_COMMENTS = YES;
				CLANG_WARN_EMPTY_BODY = YES;
				CLANG_WARN_ENUM_CONVERSION = YES;
				CLANG_WARN_INFINITE_RECURSION = YES;
				CLANG_WARN_INT_CONVERSION = YES;
				CLANG_WARN_NON_LITERAL_NULL_CONVERSION = YES;
				CLANG_WARN_OBJC_IMPLICIT_RETAIN_SELF = YES;
				CLANG_WARN_OBJC_LITERAL_CONVERSION = YES;
				CLANG_WARN_OBJC_ROOT_CLASS = YES_ERROR;
				CLANG_WARN_QUOTED_INCLUDE_IN_FRAMEWORK_HEADER = YES;
				CLANG_WARN_RANGE_LOOP_ANALYSIS = YES;
				CLANG_WARN_STRICT_PROTOTYPES = YES;
				CLANG_WARN_SUSPICIOUS_MOVE = YES;
				CLANG_WARN_UNGUARDED_AVAILABILITY = YES_AGGRESSIVE;
				CLANG_WARN_UNREACHABLE_CODE = YES;
				CLANG_WARN__DUPLICATE_METHOD_MATCH = YES;
				COPY_PHASE_STRIP = NO;
				DEBUG_INFORMATION_FORMAT = "dwarf-with-dsym";
				ENABLE_NS_ASSERTIONS = NO;
				ENABLE_STRICT_OBJC_MSGSEND = YES;
				ENABLE_USER_SCRIPT_SANDBOXING = YES;
				GCC_C_LANGUAGE_STANDARD = gnu17;
				GCC_NO_COMMON_BLOCKS = YES;
				GCC_WARN_64_TO_32_BIT_CONVERSION = YES;
				GCC_WARN_ABOUT_RETURN_TYPE = YES_ERROR;
				GCC_WARN_UNDECLARED_SELECTOR = YES;
				GCC_WARN_UNINITIALIZED_AUTOS = YES_AGGRESSIVE;
				GCC_WARN_UNUSED_FUNCTION = YES;
				GCC_WARN_UNUSED_VARIABLE = YES;
				IPHONEOS_DEPLOYMENT_TARGET = 18.2;
				LOCALIZATION_PREFERS_STRING_CATALOGS = YES;
				MTL_ENABLE_DEBUG_INFO = NO;
				MTL_FAST_MATH = YES;
				SDKROOT = iphoneos;
				SWIFT_COMPILATION_MODE = wholemodule;
				VALIDATE_PRODUCT = YES;
			};
			name = Release;
		};
/* End XCBuildConfiguration section */

/* Begin XCConfigurationList section */
		B02258D32EC1FF7C0056AB94 /* Build configuration list for PBXNativeTarget "SEONOrchSDKSample-SPM" */ = {
			isa = XCConfigurationList;
			buildConfigurations = (
				B02258D42EC1FF7C0056AB94 /* Debug */,
				B02258D52EC1FF7C0056AB94 /* Release */,
			);
			defaultConfigurationIsVisible = 0;
			defaultConfigurationName = Release;
		};
		B09860202D9D17F800D39D9D /* Build configuration list for PBXProject "SEONOrchSDKSample" */ = {
			isa = XCConfigurationList;
			buildConfigurations = (
				B098603B2D9D17F900D39D9D /* Debug */,
				B098603C2D9D17F900D39D9D /* Release */,
			);
			defaultConfigurationIsVisible = 0;
			defaultConfigurationName = Release;
		};
		B09860382D9D17F900D39D9D /* Build configuration list for PBXNativeTarget "SEONOrchSDKSample" */ = {
			isa = XCConfigurationList;
			buildConfigurations = (
				B09860392D9D17F900D39D9D /* Debug */,
				B098603A2D9D17F900D39D9D /* Release */,
			);
			defaultConfigurationIsVisible = 0;
			defaultConfigurationName = Release;
		};
/* End XCConfigurationList section */

/* Begin XCRemoteSwiftPackageReference section */
		B022589A2EBC94E50056AB94 /* XCRemoteSwiftPackageReference "seon-idv-sdk-ios-public" */ = {
			isa = XCRemoteSwiftPackageReference;
			repositoryURL = "https://github.com/seontechnologies/seon-idv-sdk-ios-public";
			requirement = {
				kind = upToNextMajorVersion;
				minimumVersion = 2.0.3;
			};
		};
		B0E41DCC2EC20259003ACEA2 /* XCRemoteSwiftPackageReference "seon-idv-sdk-ios-public" */ = {
			isa = XCRemoteSwiftPackageReference;
			repositoryURL = "https://github.com/seontechnologies/seon-idv-sdk-ios-public";
			requirement = {
				kind = upToNextMajorVersion;
				minimumVersion = 2.0.3;
			};
		};
/* End XCRemoteSwiftPackageReference section */

/* Begin XCSwiftPackageProductDependency section */
		B022589B2EBC94E50056AB94 /* SEONIdVerification */ = {
			isa = XCSwiftPackageProductDependency;
			package = B022589A2EBC94E50056AB94 /* XCRemoteSwiftPackageReference "seon-idv-sdk-ios-public" */;
			productName = SEONIdVerification;
		};
		B0E41DCD2EC20259003ACEA2 /* SEONIdVerification */ = {
			isa = XCSwiftPackageProductDependency;
			package = B0E41DCC2EC20259003ACEA2 /* XCRemoteSwiftPackageReference "seon-idv-sdk-ios-public" */;
			productName = SEONIdVerification;
		};
/* End XCSwiftPackageProductDependency section */
	};
	rootObject = B098601D2D9D17F800D39D9D /* Project object */;
}
